
Microsoft Visual Studio Solution File, Format Version 12.00
# Visual Studio 15
VisualStudioVersion = 15.0.28307.136
MinimumVisualStudioVersion = 10.0.40219.1
Project("{FAE04EC0-301F-11D3-BF4B-00C04F79EFBC}") = "Fun12UrenApp", "Fun12UrenApp\Fun12UrenApp.csproj", "{A028AB16-4147-43D2-8649-52B4031B80E4}"
EndProject
Global
	GlobalSection(SolutionConfigurationPlatforms) = preSolution
		Debug|Any CPU = Debug|Any CPU
		Release|Any CPU = Release|Any CPU
	EndGlobalSection
	GlobalSection(ProjectConfigurationPlatforms) = postSolution
		{A028AB16-4147-43D2-8649-52B4031B80E4}.Debug|Any CPU.ActiveCfg = Debug|Any CPU
		{A028AB16-4147-43D2-8649-52B4031B80E4}.Debug|Any CPU.Build.0 = Debug|Any CPU
		{A028AB16-4147-43D2-8649-52B4031B80E4}.Release|Any CPU.ActiveCfg = Release|Any CPU
		{A028AB16-4147-43D2-8649-52B4031B80E4}.Release|Any CPU.Build.0 = Release|Any CPU
	EndGlobalSection
	GlobalSection(SolutionProperties) = preSolution
		HideSolutionNode = FALSE
	EndGlobalSection
	GlobalSection(ExtensibilityGlobals) = postSolution
		SolutionGuid = {29A736CF-59A9-457D-81FF-D56F609EF122}
	EndGlobalSection
EndGlobal
